// !$*UTF8*$!
{
	archiveVersion = 1;
	classes = {
	};
	objectVersion = 51;
	objects = {

/* Begin PBXBuildFile section */
		8808B21823698B3D00D68BC2 /* DirectionButton.swift in Sources */ = {isa = PBXBuildFile; fileRef = 8808B21723698B3D00D68BC2 /* DirectionButton.swift */; };
		8808B21A236990F100D68BC2 /* Constants.swift in Sources */ = {isa = PBXBuildFile; fileRef = 8808B219236990F100D68BC2 /* Constants.swift */; };
		8808B21D2369938A00D68BC2 /* FavoritesTableViewCell.swift in Sources */ = {isa = PBXBuildFile; fileRef = 8808B21B2369938A00D68BC2 /* FavoritesTableViewCell.swift */; };
		8808B21E2369938A00D68BC2 /* FavoritesTableViewCell.xib in Resources */ = {isa = PBXBuildFile; fileRef = 8808B21C2369938A00D68BC2 /* FavoritesTableViewCell.xib */; };
		8808B22023699A5E00D68BC2 /* Favorite.swift in Sources */ = {isa = PBXBuildFile; fileRef = 8808B21F23699A5D00D68BC2 /* Favorite.swift */; };
		8808B22223699A9A00D68BC2 /* NetworkService.swift in Sources */ = {isa = PBXBuildFile; fileRef = 8808B22123699A9A00D68BC2 /* NetworkService.swift */; };
		88A03A4D236973990027FCDE /* AppDelegate.swift in Sources */ = {isa = PBXBuildFile; fileRef = 88A03A4C236973990027FCDE /* AppDelegate.swift */; };
		88A03A51236973990027FCDE /* HomeViewController.swift in Sources */ = {isa = PBXBuildFile; fileRef = 88A03A50236973990027FCDE /* HomeViewController.swift */; };
		88A03A54236973990027FCDE /* Main.storyboard in Resources */ = {isa = PBXBuildFile; fileRef = 88A03A52236973990027FCDE /* Main.storyboard */; };
		88A03A562369739A0027FCDE /* Assets.xcassets in Resources */ = {isa = PBXBuildFile; fileRef = 88A03A552369739A0027FCDE /* Assets.xcassets */; };
		88A03A592369739A0027FCDE /* LaunchScreen.storyboard in Resources */ = {isa = PBXBuildFile; fileRef = 88A03A572369739A0027FCDE /* LaunchScreen.storyboard */; };
		AA750735D67581E53B075875 /* Pods_MarcelTest.framework in Frameworks */ = {isa = PBXBuildFile; fileRef = 92F7E163BA4FE355AD5488D6 /* Pods_MarcelTest.framework */; };
/* End PBXBuildFile section */

/* Begin PBXFileReference section */
		0D27F765B103183FDC778173 /* Pods-MarcelTest.release.xcconfig */ = {isa = PBXFileReference; includeInIndex = 1; lastKnownFileType = text.xcconfig; name = "Pods-MarcelTest.release.xcconfig"; path = "Target Support Files/Pods-MarcelTest/Pods-MarcelTest.release.xcconfig"; sourceTree = "<group>"; };
		1BC5C4AFFA433C1FA2624000 /* Pods-MarcelTest.debug.xcconfig */ = {isa = PBXFileReference; includeInIndex = 1; lastKnownFileType = text.xcconfig; name = "Pods-MarcelTest.debug.xcconfig"; path = "Target Support Files/Pods-MarcelTest/Pods-MarcelTest.debug.xcconfig"; sourceTree = "<group>"; };
		8808B21723698B3D00D68BC2 /* DirectionButton.swift */ = {isa = PBXFileReference; lastKnownFileType = sourcecode.swift; path = DirectionButton.swift; sourceTree = "<group>"; };
		8808B219236990F100D68BC2 /* Constants.swift */ = {isa = PBXFileReference; lastKnownFileType = sourcecode.swift; path = Constants.swift; sourceTree = "<group>"; };
		8808B21B2369938A00D68BC2 /* FavoritesTableViewCell.swift */ = {isa = PBXFileReference; lastKnownFileType = sourcecode.swift; path = FavoritesTableViewCell.swift; sourceTree = "<group>"; };
		8808B21C2369938A00D68BC2 /* FavoritesTableViewCell.xib */ = {isa = PBXFileReference; lastKnownFileType = file.xib; path = FavoritesTableViewCell.xib; sourceTree = "<group>"; };
		8808B21F23699A5D00D68BC2 /* Favorite.swift */ = {isa = PBXFileReference; lastKnownFileType = sourcecode.swift; path = Favorite.swift; sourceTree = "<group>"; };
		8808B22123699A9A00D68BC2 /* NetworkService.swift */ = {isa = PBXFileReference; lastKnownFileType = sourcecode.swift; path = NetworkService.swift; sourceTree = "<group>"; };
		88A03A49236973990027FCDE /* MarcelTest.app */ = {isa = PBXFileReference; explicitFileType = wrapper.application; includeInIndex = 0; path = MarcelTest.app; sourceTree = BUILT_PRODUCTS_DIR; };
		88A03A4C236973990027FCDE /* AppDelegate.swift */ = {isa = PBXFileReference; lastKnownFileType = sourcecode.swift; path = AppDelegate.swift; sourceTree = "<group>"; };
		88A03A50236973990027FCDE /* HomeViewController.swift */ = {isa = PBXFileReference; lastKnownFileType = sourcecode.swift; path = HomeViewController.swift; sourceTree = "<group>"; };
		88A03A53236973990027FCDE /* Base */ = {isa = PBXFileReference; lastKnownFileType = file.storyboard; name = Base; path = Base.lproj/Main.storyboard; sourceTree = "<group>"; };
		88A03A552369739A0027FCDE /* Assets.xcassets */ = {isa = PBXFileReference; lastKnownFileType = folder.assetcatalog; path = Assets.xcassets; sourceTree = "<group>"; };
		88A03A582369739A0027FCDE /* Base */ = {isa = PBXFileReference; lastKnownFileType = file.storyboard; name = Base; path = Base.lproj/LaunchScreen.storyboard; sourceTree = "<group>"; };
		88A03A5A2369739A0027FCDE /* Info.plist */ = {isa = PBXFileReference; lastKnownFileType = text.plist.xml; path = Info.plist; sourceTree = "<group>"; };
		92F7E163BA4FE355AD5488D6 /* Pods_MarcelTest.framework */ = {isa = PBXFileReference; explicitFileType = wrapper.framework; includeInIndex = 0; path = Pods_MarcelTest.framework; sourceTree = BUILT_PRODUCTS_DIR; };
/* End PBXFileReference section */

/* Begin PBXFrameworksBuildPhase section */
		88A03A46236973990027FCDE /* Frameworks */ = {
			isa = PBXFrameworksBuildPhase;
			buildActionMask = 2147483647;
			files = (
				AA750735D67581E53B075875 /* Pods_MarcelTest.framework in Frameworks */,
			);
			runOnlyForDeploymentPostprocessing = 0;
		};
/* End PBXFrameworksBuildPhase section */

/* Begin PBXGroup section */
		5510213AC1C5E79E8C1C7F6C /* Pods */ = {
			isa = PBXGroup;
			children = (
				1BC5C4AFFA433C1FA2624000 /* Pods-MarcelTest.debug.xcconfig */,
				0D27F765B103183FDC778173 /* Pods-MarcelTest.release.xcconfig */,
			);
			path = Pods;
			sourceTree = "<group>";
		};
		7B9DF4575346BCB9FD880063 /* Frameworks */ = {
			isa = PBXGroup;
			children = (
				92F7E163BA4FE355AD5488D6 /* Pods_MarcelTest.framework */,
			);
			name = Frameworks;
			sourceTree = "<group>";
		};
		8878AA83236979F500D03CDB /* Model */ = {
			isa = PBXGroup;
			children = (
				8808B219236990F100D68BC2 /* Constants.swift */,
				8808B21F23699A5D00D68BC2 /* Favorite.swift */,
				8808B22123699A9A00D68BC2 /* NetworkService.swift */,
			);
			name = Model;
			sourceTree = "<group>";
		};
		8878AA84236979FC00D03CDB /* View */ = {
			isa = PBXGroup;
			children = (
				88A03A52236973990027FCDE /* Main.storyboard */,
				8808B21723698B3D00D68BC2 /* DirectionButton.swift */,
				8808B21B2369938A00D68BC2 /* FavoritesTableViewCell.swift */,
				8808B21C2369938A00D68BC2 /* FavoritesTableViewCell.xib */,
			);
			name = View;
			sourceTree = "<group>";
		};
		8878AA8523697A0300D03CDB /* Controller */ = {
			isa = PBXGroup;
			children = (
				88A03A50236973990027FCDE /* HomeViewController.swift */,
			);
			path = Controller;
			sourceTree = "<group>";
		};
		88A03A40236973990027FCDE = {
			isa = PBXGroup;
			children = (
				88A03A4B236973990027FCDE /* MarcelTest */,
				88A03A4A236973990027FCDE /* Products */,
				5510213AC1C5E79E8C1C7F6C /* Pods */,
				7B9DF4575346BCB9FD880063 /* Frameworks */,
			);
			sourceTree = "<group>";
		};
		88A03A4A236973990027FCDE /* Products */ = {
			isa = PBXGroup;
			children = (
				88A03A49236973990027FCDE /* MarcelTest.app */,
			);
			name = Products;
			sourceTree = "<group>";
		};
		88A03A4B236973990027FCDE /* MarcelTest */ = {
			isa = PBXGroup;
			children = (
				88A03A4C236973990027FCDE /* AppDelegate.swift */,
				8878AA83236979F500D03CDB /* Model */,
				8878AA8523697A0300D03CDB /* Controller */,
				8878AA84236979FC00D03CDB /* View */,
				88A03A552369739A0027FCDE /* Assets.xcassets */,
				88A03A572369739A0027FCDE /* LaunchScreen.storyboard */,
				88A03A5A2369739A0027FCDE /* Info.plist */,
			);
			path = MarcelTest;
			sourceTree = "<group>";
		};
/* End PBXGroup section */

/* Begin PBXNativeTarget section */
		88A03A48236973990027FCDE /* MarcelTest */ = {
			isa = PBXNativeTarget;
			buildConfigurationList = 88A03A5D2369739A0027FCDE /* Build configuration list for PBXNativeTarget "MarcelTest" */;
			buildPhases = (
				0689ADC8B35FE86FC2D33874 /* [CP] Check Pods Manifest.lock */,
				88A03A45236973990027FCDE /* Sources */,
				88A03A46236973990027FCDE /* Frameworks */,
				88A03A47236973990027FCDE /* Resources */,
				C0F8FCB7D4BC557A8A0540B5 /* [CP] Copy Pods Resources */,
			);
			buildRules = (
			);
			dependencies = (
			);
			name = MarcelTest;
			productName = MarcelTest;
			productReference = 88A03A49236973990027FCDE /* MarcelTest.app */;
			productType = "com.apple.product-type.application";
		};
/* End PBXNativeTarget section */

/* Begin PBXProject section */
		88A03A41236973990027FCDE /* Project object */ = {
			isa = PBXProject;
			attributes = {
				LastSwiftUpdateCheck = 1110;
				LastUpgradeCheck = 1110;
				ORGANIZATIONNAME = "Eric Ordonneau";
				TargetAttributes = {
					88A03A48236973990027FCDE = {
						CreatedOnToolsVersion = 11.1;
					};
				};
			};
			buildConfigurationList = 88A03A44236973990027FCDE /* Build configuration list for PBXProject "MarcelTest" */;
			compatibilityVersion = "Xcode 9.3";
			developmentRegion = en;
			hasScannedForEncodings = 0;
			knownRegions = (
				en,
				Base,
			);
			mainGroup = 88A03A40236973990027FCDE;
			productRefGroup = 88A03A4A236973990027FCDE /* Products */;
			projectDirPath = "";
			projectRoot = "";
			targets = (
				88A03A48236973990027FCDE /* MarcelTest */,
			);
		};
/* End PBXProject section */

/* Begin PBXResourcesBuildPhase section */
		88A03A47236973990027FCDE /* Resources */ = {
			isa = PBXResourcesBuildPhase;
			buildActionMask = 2147483647;
			files = (
				88A03A592369739A0027FCDE /* LaunchScreen.storyboard in Resources */,
				8808B21E2369938A00D68BC2 /* FavoritesTableViewCell.xib in Resources */,
				88A03A562369739A0027FCDE /* Assets.xcassets in Resources */,
				88A03A54236973990027FCDE /* Main.storyboard in Resources */,
			);
			runOnlyForDeploymentPostprocessing = 0;
		};
/* End PBXResourcesBuildPhase section */

/* Begin PBXShellScriptBuildPhase section */
		0689ADC8B35FE86FC2D33874 /* [CP] Check Pods Manifest.lock */ = {
			isa = PBXShellScriptBuildPhase;
			buildActionMask = 2147483647;
			files = (
			);
			inputFileListPaths = (
			);
			inputPaths = (
				"${PODS_PODFILE_DIR_PATH}/Podfile.lock",
				"${PODS_ROOT}/Manifest.lock",
			);
			name = "[CP] Check Pods Manifest.lock";
			outputFileListPaths = (
			);
			outputPaths = (
				"$(DERIVED_FILE_DIR)/Pods-MarcelTest-checkManifestLockResult.txt",
			);
			runOnlyForDeploymentPostprocessing = 0;
			shellPath = /bin/sh;
			shellScript = "diff \"${PODS_PODFILE_DIR_PATH}/Podfile.lock\" \"${PODS_ROOT}/Manifest.lock\" > /dev/null\nif [ $? != 0 ] ; then\n    # print error to STDERR\n    echo \"error: The sandbox is not in sync with the Podfile.lock. Run 'pod install' or update your CocoaPods installation.\" >&2\n    exit 1\nfi\n# This output is used by Xcode 'outputs' to avoid re-running this script phase.\necho \"SUCCESS\" > \"${SCRIPT_OUTPUT_FILE_0}\"\n";
			showEnvVarsInLog = 0;
		};
		C0F8FCB7D4BC557A8A0540B5 /* [CP] Copy Pods Resources */ = {
			isa = PBXShellScriptBuildPhase;
			buildActionMask = 2147483647;
			files = (
			);
			inputFileListPaths = (
				"${PODS_ROOT}/Target Support Files/Pods-MarcelTest/Pods-MarcelTest-resources-${CONFIGURATION}-input-files.xcfilelist",
			);
			name = "[CP] Copy Pods Resources";
			outputFileListPaths = (
				"${PODS_ROOT}/Target Support Files/Pods-MarcelTest/Pods-MarcelTest-resources-${CONFIGURATION}-output-files.xcfilelist",
			);
			runOnlyForDeploymentPostprocessing = 0;
			shellPath = /bin/sh;
			shellScript = "\"${PODS_ROOT}/Target Support Files/Pods-MarcelTest/Pods-MarcelTest-resources.sh\"\n";
			showEnvVarsInLog = 0;
		};
/* End PBXShellScriptBuildPhase section */

/* Begin PBXSourcesBuildPhase section */
		88A03A45236973990027FCDE /* Sources */ = {
			isa = PBXSourcesBuildPhase;
			buildActionMask = 2147483647;
			files = (
				8808B21D2369938A00D68BC2 /* FavoritesTableViewCell.swift in Sources */,
				8808B21823698B3D00D68BC2 /* DirectionButton.swift in Sources */,
				88A03A51236973990027FCDE /* HomeViewController.swift in Sources */,
				8808B22023699A5E00D68BC2 /* Favorite.swift in Sources */,
				88A03A4D236973990027FCDE /* AppDelegate.swift in Sources */,
				8808B21A236990F100D68BC2 /* Constants.swift in Sources */,
				8808B22223699A9A00D68BC2 /* NetworkService.swift in Sources */,
			);
			runOnlyForDeploymentPostprocessing = 0;
		};
/* End PBXSourcesBuildPhase section */

/* Begin PBXVariantGroup section */
		88A03A52236973990027FCDE /* Main.storyboard */ = {
			isa = PBXVariantGroup;
			children = (
				88A03A53236973990027FCDE /* Base */,
			);
			name = Main.storyboard;
			sourceTree = "<group>";
		};
		88A03A572369739A0027FCDE /* LaunchScreen.storyboard */ = {
			isa = PBXVariantGroup;
			children = (
				88A03A582369739A0027FCDE /* Base */,
			);
			name = LaunchScreen.storyboard;
			sourceTree = "<group>";
		};
/* End PBXVariantGroup section */

/* Begin XCBuildConfiguration section */
		88A03A5B2369739A0027FCDE /* Debug */ = {
			isa = XCBuildConfiguration;
			buildSettings = {
				ALWAYS_SEARCH_USER_PATHS = NO;
				CLANG_ANALYZER_NONNULL = YES;
				CLANG_ANALYZER_NUMBER_OBJECT_CONVERSION = YES_AGGRESSIVE;
				CLANG_CXX_LANGUAGE_STANDARD = "gnu++14";
				CLANG_CXX_LIBRARY = "libc++";
				CLANG_ENABLE_MODULES = YES;
				CLANG_ENABLE_OBJC_ARC = YES;
				CLANG_ENABLE_OBJC_WEAK = YES;
				CLANG_WARN_BLOCK_CAPTURE_AUTORELEASING = YES;
				CLANG_WARN_BOOL_CONVERSION = YES;
				CLANG_WARN_COMMA = YES;
				CLANG_WARN_CONSTANT_CONVERSION = YES;
				CLANG_WARN_DEPRECATED_OBJC_IMPLEMENTATIONS = YES;
				CLANG_WARN_DIRECT_OBJC_ISA_USAGE = YES_ERROR;
				CLANG_WARN_DOCUMENTATION_COMMENTS = YES;
				CLANG_WARN_EMPTY_BODY = YES;
				CLANG_WARN_ENUM_CONVERSION = YES;
				CLANG_WARN_INFINITE_RECURSION = YES;
				CLANG_WARN_INT_CONVERSION = YES;
				CLANG_WARN_NON_LITERAL_NULL_CONVERSION = YES;
				CLANG_WARN_OBJC_IMPLICIT_RETAIN_SELF = YES;
				CLANG_WARN_OBJC_LITERAL_CONVERSION = YES;
				CLANG_WARN_OBJC_ROOT_CLASS = YES_ERROR;
				CLANG_WARN_RANGE_LOOP_ANALYSIS = YES;
				CLANG_WARN_STRICT_PROTOTYPES = YES;
				CLANG_WARN_SUSPICIOUS_MOVE = YES;
				CLANG_WARN_UNGUARDED_AVAILABILITY = YES_AGGRESSIVE;
				CLANG_WARN_UNREACHABLE_CODE = YES;
				CLANG_WARN__DUPLICATE_METHOD_MATCH = YES;
				COPY_PHASE_STRIP = NO;
				DEBUG_INFORMATION_FORMAT = dwarf;
				ENABLE_STRICT_OBJC_MSGSEND = YES;
				ENABLE_TESTABILITY = YES;
				GCC_C_LANGUAGE_STANDARD = gnu11;
				GCC_DYNAMIC_NO_PIC = NO;
				GCC_NO_COMMON_BLOCKS = YES;
				GCC_OPTIMIZATION_LEVEL = 0;
				GCC_PREPROCESSOR_DEFINITIONS = (
					"DEBUG=1",
					"$(inherited)",
				);
				GCC_WARN_64_TO_32_BIT_CONVERSION = YES;
				GCC_WARN_ABOUT_RETURN_TYPE = YES_ERROR;
				GCC_WARN_UNDECLARED_SELECTOR = YES;
				GCC_WARN_UNINITIALIZED_AUTOS = YES_AGGRESSIVE;
				GCC_WARN_UNUSED_FUNCTION = YES;
				GCC_WARN_UNUSED_VARIABLE = YES;
				IPHONEOS_DEPLOYMENT_TARGET = 9.0;
				MTL_ENABLE_DEBUG_INFO = INCLUDE_SOURCE;
				MTL_FAST_MATH = YES;
				ONLY_ACTIVE_ARCH = YES;
				SDKROOT = iphoneos;
				SWIFT_ACTIVE_COMPILATION_CONDITIONS = DEBUG;
				SWIFT_OPTIMIZATION_LEVEL = "-Onone";
			};
			name = Debug;
		};
		88A03A5C2369739A0027FCDE /* Release */ = {
			isa = XCBuildConfiguration;
			buildSettings = {
				ALWAYS_SEARCH_USER_PATHS = NO;
				CLANG_ANALYZER_NONNULL = YES;
				CLANG_ANALYZER_NUMBER_OBJECT_CONVERSION = YES_AGGRESSIVE;
				CLANG_CXX_LANGUAGE_STANDARD = "gnu++14";
				CLANG_CXX_LIBRARY = "libc++";
				CLANG_ENABLE_MODULES = YES;
				CLANG_ENABLE_OBJC_ARC = YES;
				CLANG_ENABLE_OBJC_WEAK = YES;
				CLANG_WARN_BLOCK_CAPTURE_AUTORELEASING = YES;
				CLANG_WARN_BOOL_CONVERSION = YES;
				CLANG_WARN_COMMA = YES;
				CLANG_WARN_CONSTANT_CONVERSION = YES;
				CLANG_WARN_DEPRECATED_OBJC_IMPLEMENTATIONS = YES;
				CLANG_WARN_DIRECT_OBJC_ISA_USAGE = YES_ERROR;
				CLANG_WARN_DOCUMENTATION_COMMENTS = YES;
				CLANG_WARN_EMPTY_BODY = YES;
				CLANG_WARN_ENUM_CONVERSION = YES;
				CLANG_WARN_INFINITE_RECURSION = YES;
				CLANG_WARN_INT_CONVERSION = YES;
				CLANG_WARN_NON_LITERAL_NULL_CONVERSION = YES;
				CLANG_WARN_OBJC_IMPLICIT_RETAIN_SELF = YES;
				CLANG_WARN_OBJC_LITERAL_CONVERSION = YES;
				CLANG_WARN_OBJC_ROOT_CLASS = YES_ERROR;
				CLANG_WARN_RANGE_LOOP_ANALYSIS = YES;
				CLANG_WARN_STRICT_PROTOTYPES = YES;
				CLANG_WARN_SUSPICIOUS_MOVE = YES;
				CLANG_WARN_UNGUARDED_AVAILABILITY = YES_AGGRESSIVE;
				CLANG_WARN_UNREACHABLE_CODE = YES;
				CLANG_WARN__DUPLICATE_METHOD_MATCH = YES;
				COPY_PHASE_STRIP = NO;
				DEBUG_INFORMATION_FORMAT = "dwarf-with-dsym";
				ENABLE_NS_ASSERTIONS = NO;
				ENABLE_STRICT_OBJC_MSGSEND = YES;
				GCC_C_LANGUAGE_STANDARD = gnu11;
				GCC_NO_COMMON_BLOCKS = YES;
				GCC_WARN_64_TO_32_BIT_CONVERSION = YES;
				GCC_WARN_ABOUT_RETURN_TYPE = YES_ERROR;
				GCC_WARN_UNDECLARED_SELECTOR = YES;
				GCC_WARN_UNINITIALIZED_AUTOS = YES_AGGRESSIVE;
				GCC_WARN_UNUSED_FUNCTION = YES;
				GCC_WARN_UNUSED_VARIABLE = YES;
				IPHONEOS_DEPLOYMENT_TARGET = 9.0;
				MTL_ENABLE_DEBUG_INFO = NO;
				MTL_FAST_MATH = YES;
				SDKROOT = iphoneos;
				SWIFT_COMPILATION_MODE = wholemodule;
				SWIFT_OPTIMIZATION_LEVEL = "-O";
				VALIDATE_PRODUCT = YES;
			};
			name = Release;
		};
		88A03A5E2369739A0027FCDE /* Debug */ = {
			isa = XCBuildConfiguration;
			baseConfigurationReference = 1BC5C4AFFA433C1FA2624000 /* Pods-MarcelTest.debug.xcconfig */;
			buildSettings = {
				ASSETCATALOG_COMPILER_APPICON_NAME = AppIcon;
				CODE_SIGN_STYLE = Automatic;
				DEVELOPMENT_TEAM = DNB5G735SM;
				INFOPLIST_FILE = MarcelTest/Info.plist;
				LD_RUNPATH_SEARCH_PATHS = (
					"$(inherited)",
					"@executable_path/Frameworks",
				);
				PRODUCT_BUNDLE_IDENTIFIER = com.EricOrdonneau.MarcelTest;
				PRODUCT_NAME = "$(TARGET_NAME)";
				SWIFT_VERSION = 5.0;
				TARGETED_DEVICE_FAMILY = 1;
			};
			name = Debug;
		};
		88A03A5F2369739A0027FCDE /* Release */ = {
			isa = XCBuildConfiguration;
			baseConfigurationReference = 0D27F765B103183FDC778173 /* Pods-MarcelTest.release.xcconfig */;
			buildSettings = {
				ASSETCATALOG_COMPILER_APPICON_NAME = AppIcon;
				CODE_SIGN_STYLE = Automatic;
				DEVELOPMENT_TEAM = DNB5G735SM;
				INFOPLIST_FILE = MarcelTest/Info.plist;
				LD_RUNPATH_SEARCH_PATHS = (
					"$(inherited)",
					"@executable_path/Frameworks",
				);
				PRODUCT_BUNDLE_IDENTIFIER = com.EricOrdonneau.MarcelTest;
				PRODUCT_NAME = "$(TARGET_NAME)";
				SWIFT_VERSION = 5.0;
				TARGETED_DEVICE_FAMILY = 1;
			};
			name = Release;
		};
/* End XCBuildConfiguration section */

/* Begin XCConfigurationList section */
		88A03A44236973990027FCDE /* Build configuration list for PBXProject "MarcelTest" */ = {
			isa = XCConfigurationList;
			buildConfigurations = (
				88A03A5B2369739A0027FCDE /* Debug */,
				88A03A5C2369739A0027FCDE /* Release */,
			);
			defaultConfigurationIsVisible = 0;
			defaultConfigurationName = Release;
		};
		88A03A5D2369739A0027FCDE /* Build configuration list for PBXNativeTarget "MarcelTest" */ = {
			isa = XCConfigurationList;
			buildConfigurations = (
				88A03A5E2369739A0027FCDE /* Debug */,
				88A03A5F2369739A0027FCDE /* Release */,
			);
			defaultConfigurationIsVisible = 0;
			defaultConfigurationName = Release;
		};
/* End XCConfigurationList section */
	};
	rootObject = 88A03A41236973990027FCDE /* Project object */;
}
